
Microsoft Visual Studio Solution File, Format Version 12.00
# Visual Studio Version 17
VisualStudioVersion = 17.7.34024.191
MinimumVisualStudioVersion = 10.0.40219.1
Project("{FAE04EC0-301F-11D3-BF4B-00C04F79EFBC}") = "Nuevo", "Nuevo\Nuevo.csproj", "{07DA2EC7-0F47-445A-81C4-FB549C185D2B}"
EndProject
Global
	GlobalSection(SolutionConfigurationPlatforms) = preSolution
		Debug|Any CPU = Debug|Any CPU
		Release|Any CPU = Release|Any CPU
	EndGlobalSection
	GlobalSection(ProjectConfigurationPlatforms) = postSolution
		{07DA2EC7-0F47-445A-81C4-FB549C185D2B}.Debug|Any CPU.ActiveCfg = Debug|Any CPU
		{07DA2EC7-0F47-445A-81C4-FB549C185D2B}.Debug|Any CPU.Build.0 = Debug|Any CPU
		{07DA2EC7-0F47-445A-81C4-FB549C185D2B}.Release|Any CPU.ActiveCfg = Release|Any CPU
		{07DA2EC7-0F47-445A-81C4-FB549C185D2B}.Release|Any CPU.Build.0 = Release|Any CPU
	EndGlobalSection
	GlobalSection(SolutionProperties) = preSolution
		HideSolutionNode = FALSE
	EndGlobalSection
	GlobalSection(ExtensibilityGlobals) = postSolution
		SolutionGuid = {A8E0EC80-FF17-436B-B81E-AE0394BED93F}
	EndGlobalSection
EndGlobal
